
Microsoft Visual Studio Solution File, Format Version 12.00
# Visual Studio Version 17
VisualStudioVersion = 17.5.33414.496
MinimumVisualStudioVersion = 10.0.40219.1
Project("{8BC9CEB8-8B4A-11D0-8D11-00A0C91BC942}") = "Bonus", "Bonus.vcxproj", "{ECFB8FB6-9BF8-4D7A-BDE3-C56AE5E5C579}"
EndProject
Global
	GlobalSection(SolutionConfigurationPlatforms) = preSolution
		Debug|x64 = Debug|x64
		Debug|x86 = Debug|x86
		Release|x64 = Release|x64
		Release|x86 = Release|x86
	EndGlobalSection
	GlobalSection(ProjectConfigurationPlatforms) = postSolution
		{ECFB8FB6-9BF8-4D7A-BDE3-C56AE5E5C579}.Debug|x64.ActiveCfg = Debug|x64
		{ECFB8FB6-9BF8-4D7A-BDE3-C56AE5E5C579}.Debug|x64.Build.0 = Debug|x64
		{ECFB8FB6-9BF8-4D7A-BDE3-C56AE5E5C579}.Debug|x86.ActiveCfg = Debug|Win32
		{ECFB8FB6-9BF8-4D7A-BDE3-C56AE5E5C579}.Debug|x86.Build.0 = Debug|Win32
		{ECFB8FB6-9BF8-4D7A-BDE3-C56AE5E5C579}.Release|x64.ActiveCfg = Release|x64
		{ECFB8FB6-9BF8-4D7A-BDE3-C56AE5E5C579}.Release|x64.Build.0 = Release|x64
		{ECFB8FB6-9BF8-4D7A-BDE3-C56AE5E5C579}.Release|x86.ActiveCfg = Release|Win32
		{ECFB8FB6-9BF8-4D7A-BDE3-C56AE5E5C579}.Release|x86.Build.0 = Release|Win32
	EndGlobalSection
	GlobalSection(SolutionProperties) = preSolution
		HideSolutionNode = FALSE
	EndGlobalSection
	GlobalSection(ExtensibilityGlobals) = postSolution
		SolutionGuid = {02165C0C-0F28-4857-BE66-27C7924A875D}
	EndGlobalSection
EndGlobal
